// !$*UTF8*$!
{
	archiveVersion = 1;
	classes = {
	};
	objectVersion = 55;
	objects = {

/* Begin PBXBuildFile section */
		F7575445295AE38E00D4E499 /* fade.swift in Sources */ = {isa = PBXBuildFile; fileRef = F7575444295AE38E00D4E499 /* fade.swift */; };
		F7575447295AE4EE00D4E499 /* addShadow.swift in Sources */ = {isa = PBXBuildFile; fileRef = F7575446295AE4EE00D4E499 /* addShadow.swift */; };
		F757544A295B3F2600D4E499 /* UIColor+Extension.swift in Sources */ = {isa = PBXBuildFile; fileRef = F7575449295B3F2600D4E499 /* UIColor+Extension.swift */; };
		F757544F295B45B400D4E499 /* CAMediaTimingFunctionName+Extension.swift in Sources */ = {isa = PBXBuildFile; fileRef = F757544E295B45B400D4E499 /* CAMediaTimingFunctionName+Extension.swift */; };
		F7575452295B6C0400D4E499 /* flip.swift in Sources */ = {isa = PBXBuildFile; fileRef = F7575451295B6C0400D4E499 /* flip.swift */; };
		F76BA4F1295AA3A400948D4E /* UIView+IBInspectable.swift in Sources */ = {isa = PBXBuildFile; fileRef = F76BA4F0295AA3A400948D4E /* UIView+IBInspectable.swift */; };
		F76BA4F3295AA4BA00948D4E /* moveBy.swift in Sources */ = {isa = PBXBuildFile; fileRef = F76BA4F2295AA4BA00948D4E /* moveBy.swift */; };
		F78069352956B1B300DC79D7 /* Sunset.docc in Sources */ = {isa = PBXBuildFile; fileRef = F78069342956B1B300DC79D7 /* Sunset.docc */; };
		F78069362956B1B300DC79D7 /* Sunset.h in Headers */ = {isa = PBXBuildFile; fileRef = F78069332956B1B300DC79D7 /* Sunset.h */; settings = {ATTRIBUTES = (Public, ); }; };
		F780693D2956B1C900DC79D7 /* Test.swift in Sources */ = {isa = PBXBuildFile; fileRef = F780693C2956B1C900DC79D7 /* Test.swift */; };
		F78069692956BDB700DC79D7 /* shake.swift in Sources */ = {isa = PBXBuildFile; fileRef = F78069682956BDB700DC79D7 /* shake.swift */; };
		F7851D8F2963EFB80005DAE6 /* BVAlertView.swift in Sources */ = {isa = PBXBuildFile; fileRef = F7851D8E2963EFB80005DAE6 /* BVAlertView.swift */; };
		F7BF68522958065E0070E89D /* something.swift in Sources */ = {isa = PBXBuildFile; fileRef = F7BF68512958065E0070E89D /* something.swift */; };
		F7BF685A295A42240070E89D /* spacing.swift in Sources */ = {isa = PBXBuildFile; fileRef = F7BF6859295A42240070E89D /* spacing.swift */; };
		F7BF685C295A511E0070E89D /* rotate.swift in Sources */ = {isa = PBXBuildFile; fileRef = F7BF685B295A511E0070E89D /* rotate.swift */; };
/* End PBXBuildFile section */

/* Begin PBXFileReference section */
		F7575444295AE38E00D4E499 /* fade.swift */ = {isa = PBXFileReference; lastKnownFileType = sourcecode.swift; path = fade.swift; sourceTree = "<group>"; };
		F7575446295AE4EE00D4E499 /* addShadow.swift */ = {isa = PBXFileReference; lastKnownFileType = sourcecode.swift; path = addShadow.swift; sourceTree = "<group>"; };
		F7575449295B3F2600D4E499 /* UIColor+Extension.swift */ = {isa = PBXFileReference; lastKnownFileType = sourcecode.swift; path = "UIColor+Extension.swift"; sourceTree = "<group>"; };
		F757544E295B45B400D4E499 /* CAMediaTimingFunctionName+Extension.swift */ = {isa = PBXFileReference; lastKnownFileType = sourcecode.swift; path = "CAMediaTimingFunctionName+Extension.swift"; sourceTree = "<group>"; };
		F7575451295B6C0400D4E499 /* flip.swift */ = {isa = PBXFileReference; lastKnownFileType = sourcecode.swift; path = flip.swift; sourceTree = "<group>"; };
		F76BA4F0295AA3A400948D4E /* UIView+IBInspectable.swift */ = {isa = PBXFileReference; lastKnownFileType = sourcecode.swift; path = "UIView+IBInspectable.swift"; sourceTree = "<group>"; };
		F76BA4F2295AA4BA00948D4E /* moveBy.swift */ = {isa = PBXFileReference; lastKnownFileType = sourcecode.swift; path = moveBy.swift; sourceTree = "<group>"; };
		F78069302956B1B300DC79D7 /* Sunset.framework */ = {isa = PBXFileReference; explicitFileType = wrapper.framework; includeInIndex = 0; path = Sunset.framework; sourceTree = BUILT_PRODUCTS_DIR; };
		F78069332956B1B300DC79D7 /* Sunset.h */ = {isa = PBXFileReference; lastKnownFileType = sourcecode.c.h; path = Sunset.h; sourceTree = "<group>"; };
		F78069342956B1B300DC79D7 /* Sunset.docc */ = {isa = PBXFileReference; lastKnownFileType = folder.documentationcatalog; path = Sunset.docc; sourceTree = "<group>"; };
		F780693C2956B1C900DC79D7 /* Test.swift */ = {isa = PBXFileReference; lastKnownFileType = sourcecode.swift; path = Test.swift; sourceTree = "<group>"; };
		F78069682956BDB700DC79D7 /* shake.swift */ = {isa = PBXFileReference; lastKnownFileType = sourcecode.swift; path = shake.swift; sourceTree = "<group>"; };
		F7851D8E2963EFB80005DAE6 /* BVAlertView.swift */ = {isa = PBXFileReference; lastKnownFileType = sourcecode.swift; path = BVAlertView.swift; sourceTree = "<group>"; };
		F7BF68512958065E0070E89D /* something.swift */ = {isa = PBXFileReference; lastKnownFileType = sourcecode.swift; path = something.swift; sourceTree = "<group>"; };
		F7BF6859295A42240070E89D /* spacing.swift */ = {isa = PBXFileReference; lastKnownFileType = sourcecode.swift; path = spacing.swift; sourceTree = "<group>"; };
		F7BF685B295A511E0070E89D /* rotate.swift */ = {isa = PBXFileReference; lastKnownFileType = sourcecode.swift; path = rotate.swift; sourceTree = "<group>"; };
/* End PBXFileReference section */

/* Begin PBXFrameworksBuildPhase section */
		F780692D2956B1B300DC79D7 /* Frameworks */ = {
			isa = PBXFrameworksBuildPhase;
			buildActionMask = 2147483647;
			files = (
			);
			runOnlyForDeploymentPostprocessing = 0;
		};
/* End PBXFrameworksBuildPhase section */

/* Begin PBXGroup section */
		F7575448295B3F0900D4E499 /* UIColor */ = {
			isa = PBXGroup;
			children = (
				F7575449295B3F2600D4E499 /* UIColor+Extension.swift */,
			);
			path = UIColor;
			sourceTree = "<group>";
		};
		F757544D295B459600D4E499 /* CAMediaTimingFunctionName */ = {
			isa = PBXGroup;
			children = (
				F757544E295B45B400D4E499 /* CAMediaTimingFunctionName+Extension.swift */,
			);
			path = CAMediaTimingFunctionName;
			sourceTree = "<group>";
		};
		F7575450295B510B00D4E499 /* BVAlertView */ = {
			isa = PBXGroup;
			children = (
				F7851D8E2963EFB80005DAE6 /* BVAlertView.swift */,
			);
			path = BVAlertView;
			sourceTree = "<group>";
		};
		F78069262956B1B300DC79D7 = {
			isa = PBXGroup;
			children = (
				F78069322956B1B300DC79D7 /* Sunset */,
				F78069312956B1B300DC79D7 /* Products */,
			);
			sourceTree = "<group>";
		};
		F78069312956B1B300DC79D7 /* Products */ = {
			isa = PBXGroup;
			children = (
				F78069302956B1B300DC79D7 /* Sunset.framework */,
			);
			name = Products;
			sourceTree = "<group>";
		};
		F78069322956B1B300DC79D7 /* Sunset */ = {
			isa = PBXGroup;
			children = (
				F7BF6853295806E20070E89D /* Views */,
				F78069652956BCA600DC79D7 /* Extensions */,
				F78069642956BC9000DC79D7 /* Spacing */,
				F78069632956BC8400DC79D7 /* Font */,
				F78069622956BC2100DC79D7 /* Color */,
				F78069612956BC1B00DC79D7 /* Assets */,
				F78069332956B1B300DC79D7 /* Sunset.h */,
				F78069342956B1B300DC79D7 /* Sunset.docc */,
				F780693C2956B1C900DC79D7 /* Test.swift */,
			);
			path = Sunset;
			sourceTree = "<group>";
		};
		F78069612956BC1B00DC79D7 /* Assets */ = {
			isa = PBXGroup;
			children = (
			);
			path = Assets;
			sourceTree = "<group>";
		};
		F78069622956BC2100DC79D7 /* Color */ = {
			isa = PBXGroup;
			children = (
			);
			path = Color;
			sourceTree = "<group>";
		};
		F78069632956BC8400DC79D7 /* Font */ = {
			isa = PBXGroup;
			children = (
			);
			path = Font;
			sourceTree = "<group>";
		};
		F78069642956BC9000DC79D7 /* Spacing */ = {
			isa = PBXGroup;
			children = (
				F7BF6859295A42240070E89D /* spacing.swift */,
			);
			path = Spacing;
			sourceTree = "<group>";
		};
		F78069652956BCA600DC79D7 /* Extensions */ = {
			isa = PBXGroup;
			children = (
				F757544D295B459600D4E499 /* CAMediaTimingFunctionName */,
				F7575448295B3F0900D4E499 /* UIColor */,
				F78069672956BCB800DC79D7 /* String */,
				F78069662956BCB100DC79D7 /* UIView */,
			);
			path = Extensions;
			sourceTree = "<group>";
		};
		F78069662956BCB100DC79D7 /* UIView */ = {
			isa = PBXGroup;
			children = (
				F78069682956BDB700DC79D7 /* shake.swift */,
				F7BF685B295A511E0070E89D /* rotate.swift */,
				F76BA4F0295AA3A400948D4E /* UIView+IBInspectable.swift */,
				F76BA4F2295AA4BA00948D4E /* moveBy.swift */,
				F7575444295AE38E00D4E499 /* fade.swift */,
				F7575446295AE4EE00D4E499 /* addShadow.swift */,
				F7575451295B6C0400D4E499 /* flip.swift */,
			);
			path = UIView;
			sourceTree = "<group>";
		};
		F78069672956BCB800DC79D7 /* String */ = {
			isa = PBXGroup;
			children = (
				F7BF68512958065E0070E89D /* something.swift */,
			);
			path = String;
			sourceTree = "<group>";
		};
		F7BF6853295806E20070E89D /* Views */ = {
			isa = PBXGroup;
			children = (
				F7575450295B510B00D4E499 /* BVAlertView */,
			);
			path = Views;
			sourceTree = "<group>";
		};
/* End PBXGroup section */

/* Begin PBXHeadersBuildPhase section */
		F780692B2956B1B300DC79D7 /* Headers */ = {
			isa = PBXHeadersBuildPhase;
			buildActionMask = 2147483647;
			files = (
				F78069362956B1B300DC79D7 /* Sunset.h in Headers */,
			);
			runOnlyForDeploymentPostprocessing = 0;
		};
/* End PBXHeadersBuildPhase section */

/* Begin PBXNativeTarget section */
		F780692F2956B1B300DC79D7 /* Sunset */ = {
			isa = PBXNativeTarget;
			buildConfigurationList = F78069392956B1B300DC79D7 /* Build configuration list for PBXNativeTarget "Sunset" */;
			buildPhases = (
				F780692B2956B1B300DC79D7 /* Headers */,
				F780692C2956B1B300DC79D7 /* Sources */,
				F780692D2956B1B300DC79D7 /* Frameworks */,
				F780692E2956B1B300DC79D7 /* Resources */,
			);
			buildRules = (
			);
			dependencies = (
			);
			name = Sunset;
			productName = Sunset;
			productReference = F78069302956B1B300DC79D7 /* Sunset.framework */;
			productType = "com.apple.product-type.framework";
		};
/* End PBXNativeTarget section */

/* Begin PBXProject section */
		F78069272956B1B300DC79D7 /* Project object */ = {
			isa = PBXProject;
			attributes = {
				BuildIndependentTargetsInParallel = 1;
				LastUpgradeCheck = 1330;
				TargetAttributes = {
					F780692F2956B1B300DC79D7 = {
						CreatedOnToolsVersion = 13.3;
					};
				};
			};
			buildConfigurationList = F780692A2956B1B300DC79D7 /* Build configuration list for PBXProject "Sunset" */;
			compatibilityVersion = "Xcode 13.0";
			developmentRegion = en;
			hasScannedForEncodings = 0;
			knownRegions = (
				en,
				Base,
			);
			mainGroup = F78069262956B1B300DC79D7;
			productRefGroup = F78069312956B1B300DC79D7 /* Products */;
			projectDirPath = "";
			projectRoot = "";
			targets = (
				F780692F2956B1B300DC79D7 /* Sunset */,
			);
		};
/* End PBXProject section */

/* Begin PBXResourcesBuildPhase section */
		F780692E2956B1B300DC79D7 /* Resources */ = {
			isa = PBXResourcesBuildPhase;
			buildActionMask = 2147483647;
			files = (
			);
			runOnlyForDeploymentPostprocessing = 0;
		};
/* End PBXResourcesBuildPhase section */

/* Begin PBXSourcesBuildPhase section */
		F780692C2956B1B300DC79D7 /* Sources */ = {
			isa = PBXSourcesBuildPhase;
			buildActionMask = 2147483647;
			files = (
				F7BF68522958065E0070E89D /* something.swift in Sources */,
				F76BA4F3295AA4BA00948D4E /* moveBy.swift in Sources */,
				F78069352956B1B300DC79D7 /* Sunset.docc in Sources */,
				F757544A295B3F2600D4E499 /* UIColor+Extension.swift in Sources */,
				F7BF685C295A511E0070E89D /* rotate.swift in Sources */,
				F76BA4F1295AA3A400948D4E /* UIView+IBInspectable.swift in Sources */,
				F7575447295AE4EE00D4E499 /* addShadow.swift in Sources */,
				F780693D2956B1C900DC79D7 /* Test.swift in Sources */,
				F757544F295B45B400D4E499 /* CAMediaTimingFunctionName+Extension.swift in Sources */,
				F7575445295AE38E00D4E499 /* fade.swift in Sources */,
				F78069692956BDB700DC79D7 /* shake.swift in Sources */,
				F7BF685A295A42240070E89D /* spacing.swift in Sources */,
				F7575452295B6C0400D4E499 /* flip.swift in Sources */,
				F7851D8F2963EFB80005DAE6 /* BVAlertView.swift in Sources */,
			);
			runOnlyForDeploymentPostprocessing = 0;
		};
/* End PBXSourcesBuildPhase section */

/* Begin XCBuildConfiguration section */
		F78069372956B1B300DC79D7 /* Debug */ = {
			isa = XCBuildConfiguration;
			buildSettings = {
				ALWAYS_SEARCH_USER_PATHS = NO;
				CLANG_ANALYZER_NONNULL = YES;
				CLANG_ANALYZER_NUMBER_OBJECT_CONVERSION = YES_AGGRESSIVE;
				CLANG_CXX_LANGUAGE_STANDARD = "gnu++17";
				CLANG_ENABLE_MODULES = YES;
				CLANG_ENABLE_OBJC_ARC = YES;
				CLANG_ENABLE_OBJC_WEAK = YES;
				CLANG_WARN_BLOCK_CAPTURE_AUTORELEASING = YES;
				CLANG_WARN_BOOL_CONVERSION = YES;
				CLANG_WARN_COMMA = YES;
				CLANG_WARN_CONSTANT_CONVERSION = YES;
				CLANG_WARN_DEPRECATED_OBJC_IMPLEMENTATIONS = YES;
				CLANG_WARN_DIRECT_OBJC_ISA_USAGE = YES_ERROR;
				CLANG_WARN_DOCUMENTATION_COMMENTS = YES;
				CLANG_WARN_EMPTY_BODY = YES;
				CLANG_WARN_ENUM_CONVERSION = YES;
				CLANG_WARN_INFINITE_RECURSION = YES;
				CLANG_WARN_INT_CONVERSION = YES;
				CLANG_WARN_NON_LITERAL_NULL_CONVERSION = YES;
				CLANG_WARN_OBJC_IMPLICIT_RETAIN_SELF = YES;
				CLANG_WARN_OBJC_LITERAL_CONVERSION = YES;
				CLANG_WARN_OBJC_ROOT_CLASS = YES_ERROR;
				CLANG_WARN_QUOTED_INCLUDE_IN_FRAMEWORK_HEADER = YES;
				CLANG_WARN_RANGE_LOOP_ANALYSIS = YES;
				CLANG_WARN_STRICT_PROTOTYPES = YES;
				CLANG_WARN_SUSPICIOUS_MOVE = YES;
				CLANG_WARN_UNGUARDED_AVAILABILITY = YES_AGGRESSIVE;
				CLANG_WARN_UNREACHABLE_CODE = YES;
				CLANG_WARN__DUPLICATE_METHOD_MATCH = YES;
				COPY_PHASE_STRIP = NO;
				CURRENT_PROJECT_VERSION = 1;
				DEBUG_INFORMATION_FORMAT = dwarf;
				ENABLE_STRICT_OBJC_MSGSEND = YES;
				ENABLE_TESTABILITY = YES;
				GCC_C_LANGUAGE_STANDARD = gnu11;
				GCC_DYNAMIC_NO_PIC = NO;
				GCC_NO_COMMON_BLOCKS = YES;
				GCC_OPTIMIZATION_LEVEL = 0;
				GCC_PREPROCESSOR_DEFINITIONS = (
					"DEBUG=1",
					"$(inherited)",
				);
				GCC_WARN_64_TO_32_BIT_CONVERSION = YES;
				GCC_WARN_ABOUT_RETURN_TYPE = YES_ERROR;
				GCC_WARN_UNDECLARED_SELECTOR = YES;
				GCC_WARN_UNINITIALIZED_AUTOS = YES_AGGRESSIVE;
				GCC_WARN_UNUSED_FUNCTION = YES;
				GCC_WARN_UNUSED_VARIABLE = YES;
				IPHONEOS_DEPLOYMENT_TARGET = 15.4;
				MTL_ENABLE_DEBUG_INFO = INCLUDE_SOURCE;
				MTL_FAST_MATH = YES;
				ONLY_ACTIVE_ARCH = YES;
				SDKROOT = iphoneos;
				SWIFT_ACTIVE_COMPILATION_CONDITIONS = DEBUG;
				SWIFT_OPTIMIZATION_LEVEL = "-Onone";
				VERSIONING_SYSTEM = "apple-generic";
				VERSION_INFO_PREFIX = "";
			};
			name = Debug;
		};
		F78069382956B1B300DC79D7 /* Release */ = {
			isa = XCBuildConfiguration;
			buildSettings = {
				ALWAYS_SEARCH_USER_PATHS = NO;
				CLANG_ANALYZER_NONNULL = YES;
				CLANG_ANALYZER_NUMBER_OBJECT_CONVERSION = YES_AGGRESSIVE;
				CLANG_CXX_LANGUAGE_STANDARD = "gnu++17";
				CLANG_ENABLE_MODULES = YES;
				CLANG_ENABLE_OBJC_ARC = YES;
				CLANG_ENABLE_OBJC_WEAK = YES;
				CLANG_WARN_BLOCK_CAPTURE_AUTORELEASING = YES;
				CLANG_WARN_BOOL_CONVERSION = YES;
				CLANG_WARN_COMMA = YES;
				CLANG_WARN_CONSTANT_CONVERSION = YES;
				CLANG_WARN_DEPRECATED_OBJC_IMPLEMENTATIONS = YES;
				CLANG_WARN_DIRECT_OBJC_ISA_USAGE = YES_ERROR;
				CLANG_WARN_DOCUMENTATION_COMMENTS = YES;
				CLANG_WARN_EMPTY_BODY = YES;
				CLANG_WARN_ENUM_CONVERSION = YES;
				CLANG_WARN_INFINITE_RECURSION = YES;
				CLANG_WARN_INT_CONVERSION = YES;
				CLANG_WARN_NON_LITERAL_NULL_CONVERSION = YES;
				CLANG_WARN_OBJC_IMPLICIT_RETAIN_SELF = YES;
				CLANG_WARN_OBJC_LITERAL_CONVERSION = YES;
				CLANG_WARN_OBJC_ROOT_CLASS = YES_ERROR;
				CLANG_WARN_QUOTED_INCLUDE_IN_FRAMEWORK_HEADER = YES;
				CLANG_WARN_RANGE_LOOP_ANALYSIS = YES;
				CLANG_WARN_STRICT_PROTOTYPES = YES;
				CLANG_WARN_SUSPICIOUS_MOVE = YES;
				CLANG_WARN_UNGUARDED_AVAILABILITY = YES_AGGRESSIVE;
				CLANG_WARN_UNREACHABLE_CODE = YES;
				CLANG_WARN__DUPLICATE_METHOD_MATCH = YES;
				COPY_PHASE_STRIP = NO;
				CURRENT_PROJECT_VERSION = 1;
				DEBUG_INFORMATION_FORMAT = "dwarf-with-dsym";
				ENABLE_NS_ASSERTIONS = NO;
				ENABLE_STRICT_OBJC_MSGSEND = YES;
				GCC_C_LANGUAGE_STANDARD = gnu11;
				GCC_NO_COMMON_BLOCKS = YES;
				GCC_WARN_64_TO_32_BIT_CONVERSION = YES;
				GCC_WARN_ABOUT_RETURN_TYPE = YES_ERROR;
				GCC_WARN_UNDECLARED_SELECTOR = YES;
				GCC_WARN_UNINITIALIZED_AUTOS = YES_AGGRESSIVE;
				GCC_WARN_UNUSED_FUNCTION = YES;
				GCC_WARN_UNUSED_VARIABLE = YES;
				IPHONEOS_DEPLOYMENT_TARGET = 15.4;
				MTL_ENABLE_DEBUG_INFO = NO;
				MTL_FAST_MATH = YES;
				SDKROOT = iphoneos;
				SWIFT_COMPILATION_MODE = wholemodule;
				SWIFT_OPTIMIZATION_LEVEL = "-O";
				VALIDATE_PRODUCT = YES;
				VERSIONING_SYSTEM = "apple-generic";
				VERSION_INFO_PREFIX = "";
			};
			name = Release;
		};
		F780693A2956B1B300DC79D7 /* Debug */ = {
			isa = XCBuildConfiguration;
			buildSettings = {
				CODE_SIGN_STYLE = Automatic;
				CURRENT_PROJECT_VERSION = 1;
				DEFINES_MODULE = YES;
				DEVELOPMENT_TEAM = SG7HHALT8U;
				DYLIB_COMPATIBILITY_VERSION = 1;
				DYLIB_CURRENT_VERSION = 1;
				DYLIB_INSTALL_NAME_BASE = "@rpath";
				GENERATE_INFOPLIST_FILE = YES;
				INFOPLIST_KEY_NSHumanReadableCopyright = "";
				INSTALL_PATH = "$(LOCAL_LIBRARY_DIR)/Frameworks";
				LD_RUNPATH_SEARCH_PATHS = (
					"$(inherited)",
					"@executable_path/Frameworks",
					"@loader_path/Frameworks",
				);
				MARKETING_VERSION = 1.0;
				PRODUCT_BUNDLE_IDENTIFIER = com.BrianVeitch.Sunset;
				PRODUCT_NAME = "$(TARGET_NAME:c99extidentifier)";
				SKIP_INSTALL = YES;
				SWIFT_EMIT_LOC_STRINGS = YES;
				SWIFT_VERSION = 5.0;
				TARGETED_DEVICE_FAMILY = "1,2";
			};
			name = Debug;
		};
		F780693B2956B1B300DC79D7 /* Release */ = {
			isa = XCBuildConfiguration;
			buildSettings = {
				CODE_SIGN_STYLE = Automatic;
				CURRENT_PROJECT_VERSION = 1;
				DEFINES_MODULE = YES;
				DEVELOPMENT_TEAM = SG7HHALT8U;
				DYLIB_COMPATIBILITY_VERSION = 1;
				DYLIB_CURRENT_VERSION = 1;
				DYLIB_INSTALL_NAME_BASE = "@rpath";
				GENERATE_INFOPLIST_FILE = YES;
				INFOPLIST_KEY_NSHumanReadableCopyright = "";
				INSTALL_PATH = "$(LOCAL_LIBRARY_DIR)/Frameworks";
				LD_RUNPATH_SEARCH_PATHS = (
					"$(inherited)",
					"@executable_path/Frameworks",
					"@loader_path/Frameworks",
				);
				MARKETING_VERSION = 1.0;
				PRODUCT_BUNDLE_IDENTIFIER = com.BrianVeitch.Sunset;
				PRODUCT_NAME = "$(TARGET_NAME:c99extidentifier)";
				SKIP_INSTALL = YES;
				SWIFT_EMIT_LOC_STRINGS = YES;
				SWIFT_VERSION = 5.0;
				TARGETED_DEVICE_FAMILY = "1,2";
			};
			name = Release;
		};
/* End XCBuildConfiguration section */

/* Begin XCConfigurationList section */
		F780692A2956B1B300DC79D7 /* Build configuration list for PBXProject "Sunset" */ = {
			isa = XCConfigurationList;
			buildConfigurations = (
				F78069372956B1B300DC79D7 /* Debug */,
				F78069382956B1B300DC79D7 /* Release */,
			);
			defaultConfigurationIsVisible = 0;
			defaultConfigurationName = Release;
		};
		F78069392956B1B300DC79D7 /* Build configuration list for PBXNativeTarget "Sunset" */ = {
			isa = XCConfigurationList;
			buildConfigurations = (
				F780693A2956B1B300DC79D7 /* Debug */,
				F780693B2956B1B300DC79D7 /* Release */,
			);
			defaultConfigurationIsVisible = 0;
			defaultConfigurationName = Release;
		};
/* End XCConfigurationList section */
	};
	rootObject = F78069272956B1B300DC79D7 /* Project object */;
}
