// !$*UTF8*$!
{
	archiveVersion = 1;
	classes = {
	};
	objectVersion = 55;
	objects = {

/* Begin PBXBuildFile section */
		E5773061A50B2F6637B2CC35 /* Pods_Demo.framework in Frameworks */ = {isa = PBXBuildFile; fileRef = 9A738DEEDA115BA152E205F7 /* Pods_Demo.framework */; };
		F780694B2956B5E800DC79D7 /* AppDelegate.swift in Sources */ = {isa = PBXBuildFile; fileRef = F780694A2956B5E800DC79D7 /* AppDelegate.swift */; };
		F780694D2956B5E800DC79D7 /* SceneDelegate.swift in Sources */ = {isa = PBXBuildFile; fileRef = F780694C2956B5E800DC79D7 /* SceneDelegate.swift */; };
		F780694F2956B5E800DC79D7 /* MenuViewController.swift in Sources */ = {isa = PBXBuildFile; fileRef = F780694E2956B5E800DC79D7 /* MenuViewController.swift */; };
		F78069522956B5E800DC79D7 /* Main.storyboard in Resources */ = {isa = PBXBuildFile; fileRef = F78069502956B5E800DC79D7 /* Main.storyboard */; };
		F78069552956B5E800DC79D7 /* Demo.xcdatamodeld in Sources */ = {isa = PBXBuildFile; fileRef = F78069532956B5E800DC79D7 /* Demo.xcdatamodeld */; };
		F78069572956B5EA00DC79D7 /* Assets.xcassets in Resources */ = {isa = PBXBuildFile; fileRef = F78069562956B5EA00DC79D7 /* Assets.xcassets */; };
		F780695A2956B5EA00DC79D7 /* LaunchScreen.storyboard in Resources */ = {isa = PBXBuildFile; fileRef = F78069582956B5EA00DC79D7 /* LaunchScreen.storyboard */; };
		F780696E2956C48900DC79D7 /* UIViewAnimationsViewController.swift in Sources */ = {isa = PBXBuildFile; fileRef = F780696D2956C48900DC79D7 /* UIViewAnimationsViewController.swift */; };
		F7BF68412956C7EA0070E89D /* Router.swift in Sources */ = {isa = PBXBuildFile; fileRef = F7BF68402956C7EA0070E89D /* Router.swift */; };
		F7BF6850295805810070E89D /* C1AlertViewController.swift in Sources */ = {isa = PBXBuildFile; fileRef = F7BF684F295805810070E89D /* C1AlertViewController.swift */; };
/* End PBXBuildFile section */

/* Begin PBXFileReference section */
		86C788A2B5D5BB3F68FE7863 /* Pods-Demo.release.xcconfig */ = {isa = PBXFileReference; includeInIndex = 1; lastKnownFileType = text.xcconfig; name = "Pods-Demo.release.xcconfig"; path = "Target Support Files/Pods-Demo/Pods-Demo.release.xcconfig"; sourceTree = "<group>"; };
		8843BA9A58C904CAA800134F /* Pods-Demo.debug.xcconfig */ = {isa = PBXFileReference; includeInIndex = 1; lastKnownFileType = text.xcconfig; name = "Pods-Demo.debug.xcconfig"; path = "Target Support Files/Pods-Demo/Pods-Demo.debug.xcconfig"; sourceTree = "<group>"; };
		9A738DEEDA115BA152E205F7 /* Pods_Demo.framework */ = {isa = PBXFileReference; explicitFileType = wrapper.framework; includeInIndex = 0; path = Pods_Demo.framework; sourceTree = BUILT_PRODUCTS_DIR; };
		F78069472956B5E800DC79D7 /* Demo.app */ = {isa = PBXFileReference; explicitFileType = wrapper.application; includeInIndex = 0; path = Demo.app; sourceTree = BUILT_PRODUCTS_DIR; };
		F780694A2956B5E800DC79D7 /* AppDelegate.swift */ = {isa = PBXFileReference; lastKnownFileType = sourcecode.swift; path = AppDelegate.swift; sourceTree = "<group>"; };
		F780694C2956B5E800DC79D7 /* SceneDelegate.swift */ = {isa = PBXFileReference; lastKnownFileType = sourcecode.swift; path = SceneDelegate.swift; sourceTree = "<group>"; };
		F780694E2956B5E800DC79D7 /* MenuViewController.swift */ = {isa = PBXFileReference; lastKnownFileType = sourcecode.swift; path = MenuViewController.swift; sourceTree = "<group>"; };
		F78069512956B5E800DC79D7 /* Base */ = {isa = PBXFileReference; lastKnownFileType = file.storyboard; name = Base; path = Base.lproj/Main.storyboard; sourceTree = "<group>"; };
		F78069542956B5E800DC79D7 /* Demo.xcdatamodel */ = {isa = PBXFileReference; lastKnownFileType = wrapper.xcdatamodel; path = Demo.xcdatamodel; sourceTree = "<group>"; };
		F78069562956B5EA00DC79D7 /* Assets.xcassets */ = {isa = PBXFileReference; lastKnownFileType = folder.assetcatalog; path = Assets.xcassets; sourceTree = "<group>"; };
		F78069592956B5EA00DC79D7 /* Base */ = {isa = PBXFileReference; lastKnownFileType = file.storyboard; name = Base; path = Base.lproj/LaunchScreen.storyboard; sourceTree = "<group>"; };
		F780695B2956B5EA00DC79D7 /* Info.plist */ = {isa = PBXFileReference; lastKnownFileType = text.plist.xml; path = Info.plist; sourceTree = "<group>"; };
		F780696D2956C48900DC79D7 /* UIViewAnimationsViewController.swift */ = {isa = PBXFileReference; lastKnownFileType = sourcecode.swift; path = UIViewAnimationsViewController.swift; sourceTree = "<group>"; };
		F7BF68402956C7EA0070E89D /* Router.swift */ = {isa = PBXFileReference; lastKnownFileType = sourcecode.swift; path = Router.swift; sourceTree = "<group>"; };
		F7BF684F295805810070E89D /* C1AlertViewController.swift */ = {isa = PBXFileReference; lastKnownFileType = sourcecode.swift; path = C1AlertViewController.swift; sourceTree = "<group>"; };
/* End PBXFileReference section */

/* Begin PBXFrameworksBuildPhase section */
		F78069442956B5E800DC79D7 /* Frameworks */ = {
			isa = PBXFrameworksBuildPhase;
			buildActionMask = 2147483647;
			files = (
				E5773061A50B2F6637B2CC35 /* Pods_Demo.framework in Frameworks */,
			);
			runOnlyForDeploymentPostprocessing = 0;
		};
/* End PBXFrameworksBuildPhase section */

/* Begin PBXGroup section */
		E4AFE61D65E72B909CFC1578 /* Pods */ = {
			isa = PBXGroup;
			children = (
				8843BA9A58C904CAA800134F /* Pods-Demo.debug.xcconfig */,
				86C788A2B5D5BB3F68FE7863 /* Pods-Demo.release.xcconfig */,
			);
			path = Pods;
			sourceTree = "<group>";
		};
		F209CBC0311DD325E3784994 /* Frameworks */ = {
			isa = PBXGroup;
			children = (
				9A738DEEDA115BA152E205F7 /* Pods_Demo.framework */,
			);
			name = Frameworks;
			sourceTree = "<group>";
		};
		F780693E2956B5E800DC79D7 = {
			isa = PBXGroup;
			children = (
				F78069492956B5E800DC79D7 /* Demo */,
				F78069482956B5E800DC79D7 /* Products */,
				E4AFE61D65E72B909CFC1578 /* Pods */,
				F209CBC0311DD325E3784994 /* Frameworks */,
			);
			sourceTree = "<group>";
		};
		F78069482956B5E800DC79D7 /* Products */ = {
			isa = PBXGroup;
			children = (
				F78069472956B5E800DC79D7 /* Demo.app */,
			);
			name = Products;
			sourceTree = "<group>";
		};
		F78069492956B5E800DC79D7 /* Demo */ = {
			isa = PBXGroup;
			children = (
				F7BF684E2958056C0070E89D /* Views */,
				F7BF683F2956C7C80070E89D /* Router */,
				F780696A2956BE1400DC79D7 /* Animations */,
				F780694A2956B5E800DC79D7 /* AppDelegate.swift */,
				F780694C2956B5E800DC79D7 /* SceneDelegate.swift */,
				F780694E2956B5E800DC79D7 /* MenuViewController.swift */,
				F78069502956B5E800DC79D7 /* Main.storyboard */,
				F78069562956B5EA00DC79D7 /* Assets.xcassets */,
				F78069582956B5EA00DC79D7 /* LaunchScreen.storyboard */,
				F780695B2956B5EA00DC79D7 /* Info.plist */,
				F78069532956B5E800DC79D7 /* Demo.xcdatamodeld */,
			);
			path = Demo;
			sourceTree = "<group>";
		};
		F780696A2956BE1400DC79D7 /* Animations */ = {
			isa = PBXGroup;
			children = (
				F780696D2956C48900DC79D7 /* UIViewAnimationsViewController.swift */,
			);
			path = Animations;
			sourceTree = "<group>";
		};
		F7BF683F2956C7C80070E89D /* Router */ = {
			isa = PBXGroup;
			children = (
				F7BF68402956C7EA0070E89D /* Router.swift */,
			);
			path = Router;
			sourceTree = "<group>";
		};
		F7BF684E2958056C0070E89D /* Views */ = {
			isa = PBXGroup;
			children = (
				F7BF684F295805810070E89D /* C1AlertViewController.swift */,
			);
			path = Views;
			sourceTree = "<group>";
		};
/* End PBXGroup section */

/* Begin PBXNativeTarget section */
		F78069462956B5E800DC79D7 /* Demo */ = {
			isa = PBXNativeTarget;
			buildConfigurationList = F780695E2956B5EA00DC79D7 /* Build configuration list for PBXNativeTarget "Demo" */;
			buildPhases = (
				464F5FD6E5E33B3427959407 /* [CP] Check Pods Manifest.lock */,
				F78069432956B5E800DC79D7 /* Sources */,
				F78069442956B5E800DC79D7 /* Frameworks */,
				F78069452956B5E800DC79D7 /* Resources */,
				518DC641E08587006359B462 /* [CP] Embed Pods Frameworks */,
			);
			buildRules = (
			);
			dependencies = (
			);
			name = Demo;
			productName = Demo;
			productReference = F78069472956B5E800DC79D7 /* Demo.app */;
			productType = "com.apple.product-type.application";
		};
/* End PBXNativeTarget section */

/* Begin PBXProject section */
		F780693F2956B5E800DC79D7 /* Project object */ = {
			isa = PBXProject;
			attributes = {
				BuildIndependentTargetsInParallel = 1;
				LastSwiftUpdateCheck = 1330;
				LastUpgradeCheck = 1330;
				TargetAttributes = {
					F78069462956B5E800DC79D7 = {
						CreatedOnToolsVersion = 13.3;
					};
				};
			};
			buildConfigurationList = F78069422956B5E800DC79D7 /* Build configuration list for PBXProject "Demo" */;
			compatibilityVersion = "Xcode 13.0";
			developmentRegion = en;
			hasScannedForEncodings = 0;
			knownRegions = (
				en,
				Base,
			);
			mainGroup = F780693E2956B5E800DC79D7;
			productRefGroup = F78069482956B5E800DC79D7 /* Products */;
			projectDirPath = "";
			projectRoot = "";
			targets = (
				F78069462956B5E800DC79D7 /* Demo */,
			);
		};
/* End PBXProject section */

/* Begin PBXResourcesBuildPhase section */
		F78069452956B5E800DC79D7 /* Resources */ = {
			isa = PBXResourcesBuildPhase;
			buildActionMask = 2147483647;
			files = (
				F780695A2956B5EA00DC79D7 /* LaunchScreen.storyboard in Resources */,
				F78069572956B5EA00DC79D7 /* Assets.xcassets in Resources */,
				F78069522956B5E800DC79D7 /* Main.storyboard in Resources */,
			);
			runOnlyForDeploymentPostprocessing = 0;
		};
/* End PBXResourcesBuildPhase section */

/* Begin PBXShellScriptBuildPhase section */
		464F5FD6E5E33B3427959407 /* [CP] Check Pods Manifest.lock */ = {
			isa = PBXShellScriptBuildPhase;
			buildActionMask = 2147483647;
			files = (
			);
			inputFileListPaths = (
			);
			inputPaths = (
				"${PODS_PODFILE_DIR_PATH}/Podfile.lock",
				"${PODS_ROOT}/Manifest.lock",
			);
			name = "[CP] Check Pods Manifest.lock";
			outputFileListPaths = (
			);
			outputPaths = (
				"$(DERIVED_FILE_DIR)/Pods-Demo-checkManifestLockResult.txt",
			);
			runOnlyForDeploymentPostprocessing = 0;
			shellPath = /bin/sh;
			shellScript = "diff \"${PODS_PODFILE_DIR_PATH}/Podfile.lock\" \"${PODS_ROOT}/Manifest.lock\" > /dev/null\nif [ $? != 0 ] ; then\n    # print error to STDERR\n    echo \"error: The sandbox is not in sync with the Podfile.lock. Run 'pod install' or update your CocoaPods installation.\" >&2\n    exit 1\nfi\n# This output is used by Xcode 'outputs' to avoid re-running this script phase.\necho \"SUCCESS\" > \"${SCRIPT_OUTPUT_FILE_0}\"\n";
			showEnvVarsInLog = 0;
		};
		518DC641E08587006359B462 /* [CP] Embed Pods Frameworks */ = {
			isa = PBXShellScriptBuildPhase;
			buildActionMask = 2147483647;
			files = (
			);
			inputFileListPaths = (
				"${PODS_ROOT}/Target Support Files/Pods-Demo/Pods-Demo-frameworks-${CONFIGURATION}-input-files.xcfilelist",
			);
			name = "[CP] Embed Pods Frameworks";
			outputFileListPaths = (
				"${PODS_ROOT}/Target Support Files/Pods-Demo/Pods-Demo-frameworks-${CONFIGURATION}-output-files.xcfilelist",
			);
			runOnlyForDeploymentPostprocessing = 0;
			shellPath = /bin/sh;
			shellScript = "\"${PODS_ROOT}/Target Support Files/Pods-Demo/Pods-Demo-frameworks.sh\"\n";
			showEnvVarsInLog = 0;
		};
/* End PBXShellScriptBuildPhase section */

/* Begin PBXSourcesBuildPhase section */
		F78069432956B5E800DC79D7 /* Sources */ = {
			isa = PBXSourcesBuildPhase;
			buildActionMask = 2147483647;
			files = (
				F780694F2956B5E800DC79D7 /* MenuViewController.swift in Sources */,
				F780694B2956B5E800DC79D7 /* AppDelegate.swift in Sources */,
				F7BF6850295805810070E89D /* C1AlertViewController.swift in Sources */,
				F780696E2956C48900DC79D7 /* UIViewAnimationsViewController.swift in Sources */,
				F78069552956B5E800DC79D7 /* Demo.xcdatamodeld in Sources */,
				F7BF68412956C7EA0070E89D /* Router.swift in Sources */,
				F780694D2956B5E800DC79D7 /* SceneDelegate.swift in Sources */,
			);
			runOnlyForDeploymentPostprocessing = 0;
		};
/* End PBXSourcesBuildPhase section */

/* Begin PBXVariantGroup section */
		F78069502956B5E800DC79D7 /* Main.storyboard */ = {
			isa = PBXVariantGroup;
			children = (
				F78069512956B5E800DC79D7 /* Base */,
			);
			name = Main.storyboard;
			sourceTree = "<group>";
		};
		F78069582956B5EA00DC79D7 /* LaunchScreen.storyboard */ = {
			isa = PBXVariantGroup;
			children = (
				F78069592956B5EA00DC79D7 /* Base */,
			);
			name = LaunchScreen.storyboard;
			sourceTree = "<group>";
		};
/* End PBXVariantGroup section */

/* Begin XCBuildConfiguration section */
		F780695C2956B5EA00DC79D7 /* Debug */ = {
			isa = XCBuildConfiguration;
			buildSettings = {
				ALWAYS_SEARCH_USER_PATHS = NO;
				CLANG_ANALYZER_NONNULL = YES;
				CLANG_ANALYZER_NUMBER_OBJECT_CONVERSION = YES_AGGRESSIVE;
				CLANG_CXX_LANGUAGE_STANDARD = "gnu++17";
				CLANG_ENABLE_MODULES = YES;
				CLANG_ENABLE_OBJC_ARC = YES;
				CLANG_ENABLE_OBJC_WEAK = YES;
				CLANG_WARN_BLOCK_CAPTURE_AUTORELEASING = YES;
				CLANG_WARN_BOOL_CONVERSION = YES;
				CLANG_WARN_COMMA = YES;
				CLANG_WARN_CONSTANT_CONVERSION = YES;
				CLANG_WARN_DEPRECATED_OBJC_IMPLEMENTATIONS = YES;
				CLANG_WARN_DIRECT_OBJC_ISA_USAGE = YES_ERROR;
				CLANG_WARN_DOCUMENTATION_COMMENTS = YES;
				CLANG_WARN_EMPTY_BODY = YES;
				CLANG_WARN_ENUM_CONVERSION = YES;
				CLANG_WARN_INFINITE_RECURSION = YES;
				CLANG_WARN_INT_CONVERSION = YES;
				CLANG_WARN_NON_LITERAL_NULL_CONVERSION = YES;
				CLANG_WARN_OBJC_IMPLICIT_RETAIN_SELF = YES;
				CLANG_WARN_OBJC_LITERAL_CONVERSION = YES;
				CLANG_WARN_OBJC_ROOT_CLASS = YES_ERROR;
				CLANG_WARN_QUOTED_INCLUDE_IN_FRAMEWORK_HEADER = YES;
				CLANG_WARN_RANGE_LOOP_ANALYSIS = YES;
				CLANG_WARN_STRICT_PROTOTYPES = YES;
				CLANG_WARN_SUSPICIOUS_MOVE = YES;
				CLANG_WARN_UNGUARDED_AVAILABILITY = YES_AGGRESSIVE;
				CLANG_WARN_UNREACHABLE_CODE = YES;
				CLANG_WARN__DUPLICATE_METHOD_MATCH = YES;
				COPY_PHASE_STRIP = NO;
				DEBUG_INFORMATION_FORMAT = dwarf;
				ENABLE_STRICT_OBJC_MSGSEND = YES;
				ENABLE_TESTABILITY = YES;
				GCC_C_LANGUAGE_STANDARD = gnu11;
				GCC_DYNAMIC_NO_PIC = NO;
				GCC_NO_COMMON_BLOCKS = YES;
				GCC_OPTIMIZATION_LEVEL = 0;
				GCC_PREPROCESSOR_DEFINITIONS = (
					"DEBUG=1",
					"$(inherited)",
				);
				GCC_WARN_64_TO_32_BIT_CONVERSION = YES;
				GCC_WARN_ABOUT_RETURN_TYPE = YES_ERROR;
				GCC_WARN_UNDECLARED_SELECTOR = YES;
				GCC_WARN_UNINITIALIZED_AUTOS = YES_AGGRESSIVE;
				GCC_WARN_UNUSED_FUNCTION = YES;
				GCC_WARN_UNUSED_VARIABLE = YES;
				IPHONEOS_DEPLOYMENT_TARGET = 15.4;
				MTL_ENABLE_DEBUG_INFO = INCLUDE_SOURCE;
				MTL_FAST_MATH = YES;
				ONLY_ACTIVE_ARCH = YES;
				SDKROOT = iphoneos;
				SWIFT_ACTIVE_COMPILATION_CONDITIONS = DEBUG;
				SWIFT_OPTIMIZATION_LEVEL = "-Onone";
			};
			name = Debug;
		};
		F780695D2956B5EA00DC79D7 /* Release */ = {
			isa = XCBuildConfiguration;
			buildSettings = {
				ALWAYS_SEARCH_USER_PATHS = NO;
				CLANG_ANALYZER_NONNULL = YES;
				CLANG_ANALYZER_NUMBER_OBJECT_CONVERSION = YES_AGGRESSIVE;
				CLANG_CXX_LANGUAGE_STANDARD = "gnu++17";
				CLANG_ENABLE_MODULES = YES;
				CLANG_ENABLE_OBJC_ARC = YES;
				CLANG_ENABLE_OBJC_WEAK = YES;
				CLANG_WARN_BLOCK_CAPTURE_AUTORELEASING = YES;
				CLANG_WARN_BOOL_CONVERSION = YES;
				CLANG_WARN_COMMA = YES;
				CLANG_WARN_CONSTANT_CONVERSION = YES;
				CLANG_WARN_DEPRECATED_OBJC_IMPLEMENTATIONS = YES;
				CLANG_WARN_DIRECT_OBJC_ISA_USAGE = YES_ERROR;
				CLANG_WARN_DOCUMENTATION_COMMENTS = YES;
				CLANG_WARN_EMPTY_BODY = YES;
				CLANG_WARN_ENUM_CONVERSION = YES;
				CLANG_WARN_INFINITE_RECURSION = YES;
				CLANG_WARN_INT_CONVERSION = YES;
				CLANG_WARN_NON_LITERAL_NULL_CONVERSION = YES;
				CLANG_WARN_OBJC_IMPLICIT_RETAIN_SELF = YES;
				CLANG_WARN_OBJC_LITERAL_CONVERSION = YES;
				CLANG_WARN_OBJC_ROOT_CLASS = YES_ERROR;
				CLANG_WARN_QUOTED_INCLUDE_IN_FRAMEWORK_HEADER = YES;
				CLANG_WARN_RANGE_LOOP_ANALYSIS = YES;
				CLANG_WARN_STRICT_PROTOTYPES = YES;
				CLANG_WARN_SUSPICIOUS_MOVE = YES;
				CLANG_WARN_UNGUARDED_AVAILABILITY = YES_AGGRESSIVE;
				CLANG_WARN_UNREACHABLE_CODE = YES;
				CLANG_WARN__DUPLICATE_METHOD_MATCH = YES;
				COPY_PHASE_STRIP = NO;
				DEBUG_INFORMATION_FORMAT = "dwarf-with-dsym";
				ENABLE_NS_ASSERTIONS = NO;
				ENABLE_STRICT_OBJC_MSGSEND = YES;
				GCC_C_LANGUAGE_STANDARD = gnu11;
				GCC_NO_COMMON_BLOCKS = YES;
				GCC_WARN_64_TO_32_BIT_CONVERSION = YES;
				GCC_WARN_ABOUT_RETURN_TYPE = YES_ERROR;
				GCC_WARN_UNDECLARED_SELECTOR = YES;
				GCC_WARN_UNINITIALIZED_AUTOS = YES_AGGRESSIVE;
				GCC_WARN_UNUSED_FUNCTION = YES;
				GCC_WARN_UNUSED_VARIABLE = YES;
				IPHONEOS_DEPLOYMENT_TARGET = 15.4;
				MTL_ENABLE_DEBUG_INFO = NO;
				MTL_FAST_MATH = YES;
				SDKROOT = iphoneos;
				SWIFT_COMPILATION_MODE = wholemodule;
				SWIFT_OPTIMIZATION_LEVEL = "-O";
				VALIDATE_PRODUCT = YES;
			};
			name = Release;
		};
		F780695F2956B5EA00DC79D7 /* Debug */ = {
			isa = XCBuildConfiguration;
			baseConfigurationReference = 8843BA9A58C904CAA800134F /* Pods-Demo.debug.xcconfig */;
			buildSettings = {
				ASSETCATALOG_COMPILER_APPICON_NAME = AppIcon;
				ASSETCATALOG_COMPILER_GLOBAL_ACCENT_COLOR_NAME = AccentColor;
				CODE_SIGN_STYLE = Automatic;
				CURRENT_PROJECT_VERSION = 1;
				DEVELOPMENT_TEAM = SG7HHALT8U;
				GENERATE_INFOPLIST_FILE = YES;
				INFOPLIST_FILE = Demo/Info.plist;
				INFOPLIST_KEY_UIApplicationSupportsIndirectInputEvents = YES;
				INFOPLIST_KEY_UILaunchStoryboardName = LaunchScreen;
				INFOPLIST_KEY_UIMainStoryboardFile = Main;
				INFOPLIST_KEY_UISupportedInterfaceOrientations_iPad = "UIInterfaceOrientationPortrait UIInterfaceOrientationPortraitUpsideDown UIInterfaceOrientationLandscapeLeft UIInterfaceOrientationLandscapeRight";
				INFOPLIST_KEY_UISupportedInterfaceOrientations_iPhone = "UIInterfaceOrientationPortrait UIInterfaceOrientationLandscapeLeft UIInterfaceOrientationLandscapeRight";
				LD_RUNPATH_SEARCH_PATHS = (
					"$(inherited)",
					"@executable_path/Frameworks",
				);
				MARKETING_VERSION = 1.0;
				PRODUCT_BUNDLE_IDENTIFIER = com.BrianVeitch.Demo;
				PRODUCT_NAME = "$(TARGET_NAME)";
				SWIFT_EMIT_LOC_STRINGS = YES;
				SWIFT_VERSION = 5.0;
				TARGETED_DEVICE_FAMILY = "1,2";
			};
			name = Debug;
		};
		F78069602956B5EA00DC79D7 /* Release */ = {
			isa = XCBuildConfiguration;
			baseConfigurationReference = 86C788A2B5D5BB3F68FE7863 /* Pods-Demo.release.xcconfig */;
			buildSettings = {
				ASSETCATALOG_COMPILER_APPICON_NAME = AppIcon;
				ASSETCATALOG_COMPILER_GLOBAL_ACCENT_COLOR_NAME = AccentColor;
				CODE_SIGN_STYLE = Automatic;
				CURRENT_PROJECT_VERSION = 1;
				DEVELOPMENT_TEAM = SG7HHALT8U;
				GENERATE_INFOPLIST_FILE = YES;
				INFOPLIST_FILE = Demo/Info.plist;
				INFOPLIST_KEY_UIApplicationSupportsIndirectInputEvents = YES;
				INFOPLIST_KEY_UILaunchStoryboardName = LaunchScreen;
				INFOPLIST_KEY_UIMainStoryboardFile = Main;
				INFOPLIST_KEY_UISupportedInterfaceOrientations_iPad = "UIInterfaceOrientationPortrait UIInterfaceOrientationPortraitUpsideDown UIInterfaceOrientationLandscapeLeft UIInterfaceOrientationLandscapeRight";
				INFOPLIST_KEY_UISupportedInterfaceOrientations_iPhone = "UIInterfaceOrientationPortrait UIInterfaceOrientationLandscapeLeft UIInterfaceOrientationLandscapeRight";
				LD_RUNPATH_SEARCH_PATHS = (
					"$(inherited)",
					"@executable_path/Frameworks",
				);
				MARKETING_VERSION = 1.0;
				PRODUCT_BUNDLE_IDENTIFIER = com.BrianVeitch.Demo;
				PRODUCT_NAME = "$(TARGET_NAME)";
				SWIFT_EMIT_LOC_STRINGS = YES;
				SWIFT_VERSION = 5.0;
				TARGETED_DEVICE_FAMILY = "1,2";
			};
			name = Release;
		};
/* End XCBuildConfiguration section */

/* Begin XCConfigurationList section */
		F78069422956B5E800DC79D7 /* Build configuration list for PBXProject "Demo" */ = {
			isa = XCConfigurationList;
			buildConfigurations = (
				F780695C2956B5EA00DC79D7 /* Debug */,
				F780695D2956B5EA00DC79D7 /* Release */,
			);
			defaultConfigurationIsVisible = 0;
			defaultConfigurationName = Release;
		};
		F780695E2956B5EA00DC79D7 /* Build configuration list for PBXNativeTarget "Demo" */ = {
			isa = XCConfigurationList;
			buildConfigurations = (
				F780695F2956B5EA00DC79D7 /* Debug */,
				F78069602956B5EA00DC79D7 /* Release */,
			);
			defaultConfigurationIsVisible = 0;
			defaultConfigurationName = Release;
		};
/* End XCConfigurationList section */

/* Begin XCVersionGroup section */
		F78069532956B5E800DC79D7 /* Demo.xcdatamodeld */ = {
			isa = XCVersionGroup;
			children = (
				F78069542956B5E800DC79D7 /* Demo.xcdatamodel */,
			);
			currentVersion = F78069542956B5E800DC79D7 /* Demo.xcdatamodel */;
			path = Demo.xcdatamodeld;
			sourceTree = "<group>";
			versionGroupType = wrapper.xcdatamodel;
		};
/* End XCVersionGroup section */
	};
	rootObject = F780693F2956B5E800DC79D7 /* Project object */;
}
